// !$*UTF8*$!
{
	archiveVersion = 1;
	classes = {
	};
	objectVersion = 46;
	objects = {

/* Begin PBXBuildFile section */
		31D38F58144DDFF400B96A96 /* Cocoa.framework in Frameworks */ = {isa = PBXBuildFile; fileRef = 31D38F57144DDFF400B96A96 /* Cocoa.framework */; };
		31D38F62144DDFF400B96A96 /* InfoPlist.strings in Resources */ = {isa = PBXBuildFile; fileRef = 31D38F60144DDFF400B96A96 /* InfoPlist.strings */; };
		31D38F6C144DE00C00B96A96 /* Project.h in Headers */ = {isa = PBXBuildFile; fileRef = 31D38F64144DDFF400B96A96 /* Project.h */; settings = {ATTRIBUTES = (Public, ); }; };
		31D38F6F144DE06500B96A96 /* XCObject.h in Headers */ = {isa = PBXBuildFile; fileRef = 31D38F6D144DE06500B96A96 /* XCObject.h */; settings = {ATTRIBUTES = (); }; };
		31D38F70144DE06500B96A96 /* XCObject.m in Sources */ = {isa = PBXBuildFile; fileRef = 31D38F6E144DE06500B96A96 /* XCObject.m */; };
		31D38F73144DE0A800B96A96 /* XCProject.h in Headers */ = {isa = PBXBuildFile; fileRef = 31D38F71144DE0A800B96A96 /* XCProject.h */; settings = {ATTRIBUTES = (Public, ); }; };
		31D38F74144DE0A800B96A96 /* XCProject.m in Sources */ = {isa = PBXBuildFile; fileRef = 31D38F72144DE0A800B96A96 /* XCProject.m */; };
		31D38F78144DE8BA00B96A96 /* PBXProject.h in Headers */ = {isa = PBXBuildFile; fileRef = 31D38F76144DE8BA00B96A96 /* PBXProject.h */; };
		31D38F79144DE8BA00B96A96 /* PBXProject.m in Sources */ = {isa = PBXBuildFile; fileRef = 31D38F77144DE8BA00B96A96 /* PBXProject.m */; };
		31D38F7C144DF1AF00B96A96 /* PBXNativeTarget.h in Headers */ = {isa = PBXBuildFile; fileRef = 31D38F7A144DF1AF00B96A96 /* PBXNativeTarget.h */; };
		31D38F7D144DF1AF00B96A96 /* PBXNativeTarget.m in Sources */ = {isa = PBXBuildFile; fileRef = 31D38F7B144DF1AF00B96A96 /* PBXNativeTarget.m */; };
		31D38F96144DF2CE00B96A96 /* Cocoa.framework in Frameworks */ = {isa = PBXBuildFile; fileRef = 31D38F57144DDFF400B96A96 /* Cocoa.framework */; };
		31D38F9C144DF2CE00B96A96 /* InfoPlist.strings in Resources */ = {isa = PBXBuildFile; fileRef = 31D38F9A144DF2CE00B96A96 /* InfoPlist.strings */; };
		31D38F9E144DF2CE00B96A96 /* main.m in Sources */ = {isa = PBXBuildFile; fileRef = 31D38F9D144DF2CE00B96A96 /* main.m */; };
		31D38FA2144DF2CE00B96A96 /* Credits.rtf in Resources */ = {isa = PBXBuildFile; fileRef = 31D38FA0144DF2CE00B96A96 /* Credits.rtf */; };
		31D38FA5144DF2CE00B96A96 /* LTDocument.m in Sources */ = {isa = PBXBuildFile; fileRef = 31D38FA4144DF2CE00B96A96 /* LTDocument.m */; };
		31D38FA8144DF2CE00B96A96 /* LTDocument.xib in Resources */ = {isa = PBXBuildFile; fileRef = 31D38FA6144DF2CE00B96A96 /* LTDocument.xib */; };
		31D38FAB144DF2CE00B96A96 /* MainMenu.xib in Resources */ = {isa = PBXBuildFile; fileRef = 31D38FA9144DF2CE00B96A96 /* MainMenu.xib */; };
		31D38FB0144DF37D00B96A96 /* Project.framework in Frameworks */ = {isa = PBXBuildFile; fileRef = 31D38F54144DDFF400B96A96 /* Project.framework */; };
		31D38FB1144DF38900B96A96 /* Project.framework in CopyFiles */ = {isa = PBXBuildFile; fileRef = 31D38F54144DDFF400B96A96 /* Project.framework */; };
		31D38FB5144E0A6900B96A96 /* XCProject+NonPublicMethods.h in Resources */ = {isa = PBXBuildFile; fileRef = 31D38FB4144E0A6900B96A96 /* XCProject+NonPublicMethods.h */; };
/* End PBXBuildFile section */

/* Begin PBXContainerItemProxy section */
		31D38FB2144DFCB800B96A96 /* PBXContainerItemProxy */ = {
			isa = PBXContainerItemProxy;
			containerPortal = 31D38F4A144DDFF400B96A96 /* Project object */;
			proxyType = 1;
			remoteGlobalIDString = 31D38F53144DDFF400B96A96;
			remoteInfo = Project;
		};
/* End PBXContainerItemProxy section */

/* Begin PBXCopyFilesBuildPhase section */
		31D38FAF144DF36D00B96A96 /* CopyFiles */ = {
			isa = PBXCopyFilesBuildPhase;
			buildActionMask = 2147483647;
			dstPath = "";
			dstSubfolderSpec = 10;
			files = (
				31D38FB1144DF38900B96A96 /* Project.framework in CopyFiles */,
			);
			runOnlyForDeploymentPostprocessing = 0;
		};
/* End PBXCopyFilesBuildPhase section */

/* Begin PBXFileReference section */
		31D38F54144DDFF400B96A96 /* Project.framework */ = {isa = PBXFileReference; explicitFileType = wrapper.framework; includeInIndex = 0; path = Project.framework; sourceTree = BUILT_PRODUCTS_DIR; };
		31D38F57144DDFF400B96A96 /* Cocoa.framework */ = {isa = PBXFileReference; lastKnownFileType = wrapper.framework; name = Cocoa.framework; path = System/Library/Frameworks/Cocoa.framework; sourceTree = SDKROOT; };
		31D38F5A144DDFF400B96A96 /* AppKit.framework */ = {isa = PBXFileReference; lastKnownFileType = wrapper.framework; name = AppKit.framework; path = System/Library/Frameworks/AppKit.framework; sourceTree = SDKROOT; };
		31D38F5B144DDFF400B96A96 /* CoreData.framework */ = {isa = PBXFileReference; lastKnownFileType = wrapper.framework; name = CoreData.framework; path = System/Library/Frameworks/CoreData.framework; sourceTree = SDKROOT; };
		31D38F5C144DDFF400B96A96 /* Foundation.framework */ = {isa = PBXFileReference; lastKnownFileType = wrapper.framework; name = Foundation.framework; path = System/Library/Frameworks/Foundation.framework; sourceTree = SDKROOT; };
		31D38F5F144DDFF400B96A96 /* Project-Info.plist */ = {isa = PBXFileReference; lastKnownFileType = text.plist.xml; path = "Project-Info.plist"; sourceTree = "<group>"; };
		31D38F61144DDFF400B96A96 /* en */ = {isa = PBXFileReference; lastKnownFileType = text.plist.strings; name = en; path = en.lproj/InfoPlist.strings; sourceTree = "<group>"; };
		31D38F63144DDFF400B96A96 /* Project-Prefix.pch */ = {isa = PBXFileReference; lastKnownFileType = sourcecode.c.h; path = "Project-Prefix.pch"; sourceTree = "<group>"; };
		31D38F64144DDFF400B96A96 /* Project.h */ = {isa = PBXFileReference; lastKnownFileType = sourcecode.c.h; path = Project.h; sourceTree = "<group>"; };
		31D38F6D144DE06500B96A96 /* XCObject.h */ = {isa = PBXFileReference; fileEncoding = 4; lastKnownFileType = sourcecode.c.h; path = XCObject.h; sourceTree = "<group>"; };
		31D38F6E144DE06500B96A96 /* XCObject.m */ = {isa = PBXFileReference; fileEncoding = 4; lastKnownFileType = sourcecode.c.objc; path = XCObject.m; sourceTree = "<group>"; };
		31D38F71144DE0A800B96A96 /* XCProject.h */ = {isa = PBXFileReference; fileEncoding = 4; lastKnownFileType = sourcecode.c.h; path = XCProject.h; sourceTree = "<group>"; };
		31D38F72144DE0A800B96A96 /* XCProject.m */ = {isa = PBXFileReference; fileEncoding = 4; lastKnownFileType = sourcecode.c.objc; path = XCProject.m; sourceTree = "<group>"; };
		31D38F76144DE8BA00B96A96 /* PBXProject.h */ = {isa = PBXFileReference; fileEncoding = 4; lastKnownFileType = sourcecode.c.h; path = PBXProject.h; sourceTree = "<group>"; };
		31D38F77144DE8BA00B96A96 /* PBXProject.m */ = {isa = PBXFileReference; fileEncoding = 4; lastKnownFileType = sourcecode.c.objc; path = PBXProject.m; sourceTree = "<group>"; };
		31D38F7A144DF1AF00B96A96 /* PBXNativeTarget.h */ = {isa = PBXFileReference; fileEncoding = 4; lastKnownFileType = sourcecode.c.h; path = PBXNativeTarget.h; sourceTree = "<group>"; };
		31D38F7B144DF1AF00B96A96 /* PBXNativeTarget.m */ = {isa = PBXFileReference; fileEncoding = 4; lastKnownFileType = sourcecode.c.objc; path = PBXNativeTarget.m; sourceTree = "<group>"; };
		31D38F84144DF26F00B96A96 /* Foundation.framework */ = {isa = PBXFileReference; lastKnownFileType = wrapper.framework; name = Foundation.framework; path = System/Library/Frameworks/Foundation.framework; sourceTree = SDKROOT; };
		31D38F94144DF2CE00B96A96 /* ListTargets.app */ = {isa = PBXFileReference; explicitFileType = wrapper.application; includeInIndex = 0; path = ListTargets.app; sourceTree = BUILT_PRODUCTS_DIR; };
		31D38F99144DF2CE00B96A96 /* ListTargets-Info.plist */ = {isa = PBXFileReference; lastKnownFileType = text.plist.xml; path = "ListTargets-Info.plist"; sourceTree = "<group>"; };
		31D38F9B144DF2CE00B96A96 /* en */ = {isa = PBXFileReference; lastKnownFileType = text.plist.strings; name = en; path = en.lproj/InfoPlist.strings; sourceTree = "<group>"; };
		31D38F9D144DF2CE00B96A96 /* main.m */ = {isa = PBXFileReference; lastKnownFileType = sourcecode.c.objc; path = main.m; sourceTree = "<group>"; };
		31D38F9F144DF2CE00B96A96 /* ListTargets-Prefix.pch */ = {isa = PBXFileReference; lastKnownFileType = sourcecode.c.h; path = "ListTargets-Prefix.pch"; sourceTree = "<group>"; };
		31D38FA1144DF2CE00B96A96 /* en */ = {isa = PBXFileReference; lastKnownFileType = text.rtf; name = en; path = en.lproj/Credits.rtf; sourceTree = "<group>"; };
		31D38FA3144DF2CE00B96A96 /* LTDocument.h */ = {isa = PBXFileReference; lastKnownFileType = sourcecode.c.h; path = LTDocument.h; sourceTree = "<group>"; };
		31D38FA4144DF2CE00B96A96 /* LTDocument.m */ = {isa = PBXFileReference; lastKnownFileType = sourcecode.c.objc; path = LTDocument.m; sourceTree = "<group>"; };
		31D38FA7144DF2CE00B96A96 /* en */ = {isa = PBXFileReference; lastKnownFileType = file.xib; name = en; path = en.lproj/LTDocument.xib; sourceTree = "<group>"; };
		31D38FAA144DF2CE00B96A96 /* en */ = {isa = PBXFileReference; lastKnownFileType = file.xib; name = en; path = en.lproj/MainMenu.xib; sourceTree = "<group>"; };
		31D38FB4144E0A6900B96A96 /* XCProject+NonPublicMethods.h */ = {isa = PBXFileReference; fileEncoding = 4; lastKnownFileType = sourcecode.c.h; path = "XCProject+NonPublicMethods.h"; sourceTree = "<group>"; };
/* End PBXFileReference section */

/* Begin PBXFrameworksBuildPhase section */
		31D38F50144DDFF400B96A96 /* Frameworks */ = {
			isa = PBXFrameworksBuildPhase;
			buildActionMask = 2147483647;
			files = (
				31D38F58144DDFF400B96A96 /* Cocoa.framework in Frameworks */,
			);
			runOnlyForDeploymentPostprocessing = 0;
		};
		31D38F91144DF2CE00B96A96 /* Frameworks */ = {
			isa = PBXFrameworksBuildPhase;
			buildActionMask = 2147483647;
			files = (
				31D38FB0144DF37D00B96A96 /* Project.framework in Frameworks */,
				31D38F96144DF2CE00B96A96 /* Cocoa.framework in Frameworks */,
			);
			runOnlyForDeploymentPostprocessing = 0;
		};
/* End PBXFrameworksBuildPhase section */

/* Begin PBXGroup section */
		31D38F48144DDFF400B96A96 = {
			isa = PBXGroup;
			children = (
				31D38F5D144DDFF400B96A96 /* Project */,
				31D38F97144DF2CE00B96A96 /* ListTargets */,
				31D38F56144DDFF400B96A96 /* Frameworks */,
				31D38F55144DDFF400B96A96 /* Products */,
			);
			sourceTree = "<group>";
		};
		31D38F55144DDFF400B96A96 /* Products */ = {
			isa = PBXGroup;
			children = (
				31D38F54144DDFF400B96A96 /* Project.framework */,
				31D38F94144DF2CE00B96A96 /* ListTargets.app */,
			);
			name = Products;
			sourceTree = "<group>";
		};
		31D38F56144DDFF400B96A96 /* Frameworks */ = {
			isa = PBXGroup;
			children = (
				31D38F57144DDFF400B96A96 /* Cocoa.framework */,
				31D38F84144DF26F00B96A96 /* Foundation.framework */,
				31D38F59144DDFF400B96A96 /* Other Frameworks */,
			);
			name = Frameworks;
			sourceTree = "<group>";
		};
		31D38F59144DDFF400B96A96 /* Other Frameworks */ = {
			isa = PBXGroup;
			children = (
				31D38F5A144DDFF400B96A96 /* AppKit.framework */,
				31D38F5B144DDFF400B96A96 /* CoreData.framework */,
				31D38F5C144DDFF400B96A96 /* Foundation.framework */,
			);
			name = "Other Frameworks";
			sourceTree = "<group>";
		};
		31D38F5D144DDFF400B96A96 /* Project */ = {
			isa = PBXGroup;
			children = (
				31D38F64144DDFF400B96A96 /* Project.h */,
				31D38F6D144DE06500B96A96 /* XCObject.h */,
				31D38F6E144DE06500B96A96 /* XCObject.m */,
				31D38F71144DE0A800B96A96 /* XCProject.h */,
				31D38FB4144E0A6900B96A96 /* XCProject+NonPublicMethods.h */,
				31D38F72144DE0A800B96A96 /* XCProject.m */,
				31D38F75144DE5FE00B96A96 /* Xcode class reimplementations */,
				31D38F5E144DDFF400B96A96 /* Supporting Files */,
			);
			path = Project;
			sourceTree = "<group>";
		};
		31D38F5E144DDFF400B96A96 /* Supporting Files */ = {
			isa = PBXGroup;
			children = (
				31D38F5F144DDFF400B96A96 /* Project-Info.plist */,
				31D38F60144DDFF400B96A96 /* InfoPlist.strings */,
				31D38F63144DDFF400B96A96 /* Project-Prefix.pch */,
			);
			name = "Supporting Files";
			sourceTree = "<group>";
		};
		31D38F75144DE5FE00B96A96 /* Xcode class reimplementations */ = {
			isa = PBXGroup;
			children = (
				31D38F76144DE8BA00B96A96 /* PBXProject.h */,
				31D38F77144DE8BA00B96A96 /* PBXProject.m */,
				31D38F7A144DF1AF00B96A96 /* PBXNativeTarget.h */,
				31D38F7B144DF1AF00B96A96 /* PBXNativeTarget.m */,
			);
			name = "Xcode class reimplementations";
			sourceTree = "<group>";
		};
		31D38F97144DF2CE00B96A96 /* ListTargets */ = {
			isa = PBXGroup;
			children = (
				31D38FA3144DF2CE00B96A96 /* LTDocument.h */,
				31D38FA4144DF2CE00B96A96 /* LTDocument.m */,
				31D38FA6144DF2CE00B96A96 /* LTDocument.xib */,
				31D38FA9144DF2CE00B96A96 /* MainMenu.xib */,
				31D38F98144DF2CE00B96A96 /* Supporting Files */,
			);
			path = ListTargets;
			sourceTree = "<group>";
		};
		31D38F98144DF2CE00B96A96 /* Supporting Files */ = {
			isa = PBXGroup;
			children = (
				31D38F99144DF2CE00B96A96 /* ListTargets-Info.plist */,
				31D38F9A144DF2CE00B96A96 /* InfoPlist.strings */,
				31D38F9D144DF2CE00B96A96 /* main.m */,
				31D38F9F144DF2CE00B96A96 /* ListTargets-Prefix.pch */,
				31D38FA0144DF2CE00B96A96 /* Credits.rtf */,
			);
			name = "Supporting Files";
			sourceTree = "<group>";
		};
/* End PBXGroup section */

/* Begin PBXHeadersBuildPhase section */
		31D38F51144DDFF400B96A96 /* Headers */ = {
			isa = PBXHeadersBuildPhase;
			buildActionMask = 2147483647;
			files = (
				31D38F6C144DE00C00B96A96 /* Project.h in Headers */,
				31D38F6F144DE06500B96A96 /* XCObject.h in Headers */,
				31D38F73144DE0A800B96A96 /* XCProject.h in Headers */,
				31D38F78144DE8BA00B96A96 /* PBXProject.h in Headers */,
				31D38F7C144DF1AF00B96A96 /* PBXNativeTarget.h in Headers */,
			);
			runOnlyForDeploymentPostprocessing = 0;
		};
/* End PBXHeadersBuildPhase section */

/* Begin PBXNativeTarget section */
		31D38F53144DDFF400B96A96 /* Project */ = {
			isa = PBXNativeTarget;
			buildConfigurationList = 31D38F69144DDFF400B96A96 /* Build configuration list for PBXNativeTarget "Project" */;
			buildPhases = (
				31D38F4F144DDFF400B96A96 /* Sources */,
				31D38F50144DDFF400B96A96 /* Frameworks */,
				31D38F51144DDFF400B96A96 /* Headers */,
				31D38F52144DDFF400B96A96 /* Resources */,
			);
			buildRules = (
			);
			dependencies = (
			);
			name = Project;
			productName = Project;
			productReference = 31D38F54144DDFF400B96A96 /* Project.framework */;
			productType = "com.apple.product-type.framework";
		};
		31D38F93144DF2CE00B96A96 /* ListTargets */ = {
			isa = PBXNativeTarget;
			buildConfigurationList = 31D38FAC144DF2CE00B96A96 /* Build configuration list for PBXNativeTarget "ListTargets" */;
			buildPhases = (
				31D38FAF144DF36D00B96A96 /* CopyFiles */,
				31D38F90144DF2CE00B96A96 /* Sources */,
				31D38F91144DF2CE00B96A96 /* Frameworks */,
				31D38F92144DF2CE00B96A96 /* Resources */,
			);
			buildRules = (
			);
			dependencies = (
				31D38FB3144DFCB800B96A96 /* PBXTargetDependency */,
			);
			name = ListTargets;
			productName = ListTargets;
			productReference = 31D38F94144DF2CE00B96A96 /* ListTargets.app */;
			productType = "com.apple.product-type.application";
		};
/* End PBXNativeTarget section */

/* Begin PBXProject section */
		31D38F4A144DDFF400B96A96 /* Project object */ = {
			isa = PBXProject;
			attributes = {
				LastUpgradeCheck = 0420;
				ORGANIZATIONNAME = "Peter Hosey";
			};
			buildConfigurationList = 31D38F4D144DDFF400B96A96 /* Build configuration list for PBXProject "Project" */;
			compatibilityVersion = "Xcode 3.2";
			developmentRegion = English;
			hasScannedForEncodings = 0;
			knownRegions = (
				en,
			);
			mainGroup = 31D38F48144DDFF400B96A96;
			productRefGroup = 31D38F55144DDFF400B96A96 /* Products */;
			projectDirPath = "";
			projectRoot = "";
			targets = (
				31D38F53144DDFF400B96A96 /* Project */,
				31D38F93144DF2CE00B96A96 /* ListTargets */,
			);
		};
/* End PBXProject section */

/* Begin PBXResourcesBuildPhase section */
		31D38F52144DDFF400B96A96 /* Resources */ = {
			isa = PBXResourcesBuildPhase;
			buildActionMask = 2147483647;
			files = (
				31D38F62144DDFF400B96A96 /* InfoPlist.strings in Resources */,
				31D38FB5144E0A6900B96A96 /* XCProject+NonPublicMethods.h in Resources */,
			);
			runOnlyForDeploymentPostprocessing = 0;
		};
		31D38F92144DF2CE00B96A96 /* Resources */ = {
			isa = PBXResourcesBuildPhase;
			buildActionMask = 2147483647;
			files = (
				31D38F9C144DF2CE00B96A96 /* InfoPlist.strings in Resources */,
				31D38FA2144DF2CE00B96A96 /* Credits.rtf in Resources */,
				31D38FA8144DF2CE00B96A96 /* LTDocument.xib in Resources */,
				31D38FAB144DF2CE00B96A96 /* MainMenu.xib in Resources */,
			);
			runOnlyForDeploymentPostprocessing = 0;
		};
/* End PBXResourcesBuildPhase section */

/* Begin PBXSourcesBuildPhase section */
		31D38F4F144DDFF400B96A96 /* Sources */ = {
			isa = PBXSourcesBuildPhase;
			buildActionMask = 2147483647;
			files = (
				31D38F70144DE06500B96A96 /* XCObject.m in Sources */,
				31D38F74144DE0A800B96A96 /* XCProject.m in Sources */,
				31D38F79144DE8BA00B96A96 /* PBXProject.m in Sources */,
				31D38F7D144DF1AF00B96A96 /* PBXNativeTarget.m in Sources */,
			);
			runOnlyForDeploymentPostprocessing = 0;
		};
		31D38F90144DF2CE00B96A96 /* Sources */ = {
			isa = PBXSourcesBuildPhase;
			buildActionMask = 2147483647;
			files = (
				31D38F9E144DF2CE00B96A96 /* main.m in Sources */,
				31D38FA5144DF2CE00B96A96 /* LTDocument.m in Sources */,
			);
			runOnlyForDeploymentPostprocessing = 0;
		};
/* End PBXSourcesBuildPhase section */

/* Begin PBXTargetDependency section */
		31D38FB3144DFCB800B96A96 /* PBXTargetDependency */ = {
			isa = PBXTargetDependency;
			target = 31D38F53144DDFF400B96A96 /* Project */;
			targetProxy = 31D38FB2144DFCB800B96A96 /* PBXContainerItemProxy */;
		};
/* End PBXTargetDependency section */

/* Begin PBXVariantGroup section */
		31D38F60144DDFF400B96A96 /* InfoPlist.strings */ = {
			isa = PBXVariantGroup;
			children = (
				31D38F61144DDFF400B96A96 /* en */,
			);
			name = InfoPlist.strings;
			sourceTree = "<group>";
		};
		31D38F9A144DF2CE00B96A96 /* InfoPlist.strings */ = {
			isa = PBXVariantGroup;
			children = (
				31D38F9B144DF2CE00B96A96 /* en */,
			);
			name = InfoPlist.strings;
			sourceTree = "<group>";
		};
		31D38FA0144DF2CE00B96A96 /* Credits.rtf */ = {
			isa = PBXVariantGroup;
			children = (
				31D38FA1144DF2CE00B96A96 /* en */,
			);
			name = Credits.rtf;
			sourceTree = "<group>";
		};
		31D38FA6144DF2CE00B96A96 /* LTDocument.xib */ = {
			isa = PBXVariantGroup;
			children = (
				31D38FA7144DF2CE00B96A96 /* en */,
			);
			name = LTDocument.xib;
			sourceTree = "<group>";
		};
		31D38FA9144DF2CE00B96A96 /* MainMenu.xib */ = {
			isa = PBXVariantGroup;
			children = (
				31D38FAA144DF2CE00B96A96 /* en */,
			);
			name = MainMenu.xib;
			sourceTree = "<group>";
		};
/* End PBXVariantGroup section */

/* Begin XCBuildConfiguration section */
		31D38F67144DDFF400B96A96 /* Debug */ = {
			isa = XCBuildConfiguration;
			buildSettings = {
				ALWAYS_SEARCH_USER_PATHS = NO;
				ARCHS = "$(ARCHS_STANDARD_64_BIT)";
				COPY_PHASE_STRIP = NO;
				FRAMEWORK_SEARCH_PATHS = "";
				GCC_C_LANGUAGE_STANDARD = gnu99;
				GCC_DYNAMIC_NO_PIC = NO;
				GCC_ENABLE_OBJC_EXCEPTIONS = YES;
				GCC_OPTIMIZATION_LEVEL = 0;
				GCC_PREPROCESSOR_DEFINITIONS = (
					"DEBUG=1",
					"$(inherited)",
				);
				GCC_SYMBOLS_PRIVATE_EXTERN = NO;
				GCC_VERSION = com.apple.compilers.llvm.clang.1_0;
				GCC_WARN_64_TO_32_BIT_CONVERSION = YES;
				GCC_WARN_ABOUT_MISSING_PROTOTYPES = YES;
				GCC_WARN_ABOUT_RETURN_TYPE = YES;
				GCC_WARN_UNUSED_VARIABLE = YES;
				MACOSX_DEPLOYMENT_TARGET = 10.6;
				ONLY_ACTIVE_ARCH = YES;
				SDKROOT = macosx;
			};
			name = Debug;
		};
		31D38F68144DDFF400B96A96 /* Release */ = {
			isa = XCBuildConfiguration;
			buildSettings = {
				ALWAYS_SEARCH_USER_PATHS = NO;
				ARCHS = "$(ARCHS_STANDARD_64_BIT)";
				COPY_PHASE_STRIP = YES;
				DEBUG_INFORMATION_FORMAT = "dwarf-with-dsym";
				FRAMEWORK_SEARCH_PATHS = "";
				GCC_C_LANGUAGE_STANDARD = gnu99;
				GCC_ENABLE_OBJC_EXCEPTIONS = YES;
				GCC_VERSION = com.apple.compilers.llvm.clang.1_0;
				GCC_WARN_64_TO_32_BIT_CONVERSION = YES;
				GCC_WARN_ABOUT_MISSING_PROTOTYPES = YES;
				GCC_WARN_ABOUT_RETURN_TYPE = YES;
				GCC_WARN_UNUSED_VARIABLE = YES;
				MACOSX_DEPLOYMENT_TARGET = 10.6;
				SDKROOT = macosx;
			};
			name = Release;
		};
		31D38F6A144DDFF400B96A96 /* Debug */ = {
			isa = XCBuildConfiguration;
			buildSettings = {
				DYLIB_COMPATIBILITY_VERSION = 1;
				DYLIB_CURRENT_VERSION = 1;
				FRAMEWORK_VERSION = A;
				GCC_PRECOMPILE_PREFIX_HEADER = YES;
				GCC_PREFIX_HEADER = "Project/Project-Prefix.pch";
				INFOPLIST_FILE = "Project/Project-Info.plist";
				PRODUCT_NAME = "$(TARGET_NAME)";
				WRAPPER_EXTENSION = framework;
			};
			name = Debug;
		};
		31D38F6B144DDFF400B96A96 /* Release */ = {
			isa = XCBuildConfiguration;
			buildSettings = {
				DYLIB_COMPATIBILITY_VERSION = 1;
				DYLIB_CURRENT_VERSION = 1;
				FRAMEWORK_VERSION = A;
				GCC_PRECOMPILE_PREFIX_HEADER = YES;
				GCC_PREFIX_HEADER = "Project/Project-Prefix.pch";
				INFOPLIST_FILE = "Project/Project-Info.plist";
				PRODUCT_NAME = "$(TARGET_NAME)";
				WRAPPER_EXTENSION = framework;
			};
			name = Release;
		};
		31D38FAD144DF2CE00B96A96 /* Debug */ = {
			isa = XCBuildConfiguration;
			buildSettings = {
				FRAMEWORK_SEARCH_PATHS = "$(BUILT_PRODUCTS_DIR)/$(FRAMEWORKS_FOLDER_PATH)";
				GCC_PRECOMPILE_PREFIX_HEADER = YES;
				GCC_PREFIX_HEADER = "ListTargets/ListTargets-Prefix.pch";
				INFOPLIST_FILE = "ListTargets/ListTargets-Info.plist";
				PRODUCT_NAME = "$(TARGET_NAME)";
				WRAPPER_EXTENSION = app;
			};
			name = Debug;
		};
		31D38FAE144DF2CE00B96A96 /* Release */ = {
			isa = XCBuildConfiguration;
			buildSettings = {
				FRAMEWORK_SEARCH_PATHS = "$(BUILT_PRODUCTS_DIR)/$(FRAMEWORKS_FOLDER_PATH)";
				GCC_PRECOMPILE_PREFIX_HEADER = YES;
				GCC_PREFIX_HEADER = "ListTargets/ListTargets-Prefix.pch";
				INFOPLIST_FILE = "ListTargets/ListTargets-Info.plist";
				PRODUCT_NAME = "$(TARGET_NAME)";
				WRAPPER_EXTENSION = app;
			};
			name = Release;
		};
/* End XCBuildConfiguration section */

/* Begin XCConfigurationList section */
		31D38F4D144DDFF400B96A96 /* Build configuration list for PBXProject "Project" */ = {
			isa = XCConfigurationList;
			buildConfigurations = (
				31D38F67144DDFF400B96A96 /* Debug */,
				31D38F68144DDFF400B96A96 /* Release */,
			);
			defaultConfigurationIsVisible = 0;
			defaultConfigurationName = Release;
		};
		31D38F69144DDFF400B96A96 /* Build configuration list for PBXNativeTarget "Project" */ = {
			isa = XCConfigurationList;
			buildConfigurations = (
				31D38F6A144DDFF400B96A96 /* Debug */,
				31D38F6B144DDFF400B96A96 /* Release */,
			);
			defaultConfigurationIsVisible = 0;
		};
		31D38FAC144DF2CE00B96A96 /* Build configuration list for PBXNativeTarget "ListTargets" */ = {
			isa = XCConfigurationList;
			buildConfigurations = (
				31D38FAD144DF2CE00B96A96 /* Debug */,
				31D38FAE144DF2CE00B96A96 /* Release */,
			);
			defaultConfigurationIsVisible = 0;
		};
/* End XCConfigurationList section */
	};
	rootObject = 31D38F4A144DDFF400B96A96 /* Project object */;
}
